
Microsoft Visual Studio Solution File, Format Version 12.00
# Visual Studio Version 17
VisualStudioVersion = 17.3.32901.215
MinimumVisualStudioVersion = 10.0.40219.1
Project("{FAE04EC0-301F-11D3-BF4B-00C04F79EFBC}") = "Pr18", "Pr18\Pr18.csproj", "{00F508DD-0777-4CF0-BB1F-4D1C22286C10}"
EndProject
Global
	GlobalSection(SolutionConfigurationPlatforms) = preSolution
		Debug|Any CPU = Debug|Any CPU
		Release|Any CPU = Release|Any CPU
	EndGlobalSection
	GlobalSection(ProjectConfigurationPlatforms) = postSolution
		{00F508DD-0777-4CF0-BB1F-4D1C22286C10}.Debug|Any CPU.ActiveCfg = Debug|Any CPU
		{00F508DD-0777-4CF0-BB1F-4D1C22286C10}.Debug|Any CPU.Build.0 = Debug|Any CPU
		{00F508DD-0777-4CF0-BB1F-4D1C22286C10}.Release|Any CPU.ActiveCfg = Release|Any CPU
		{00F508DD-0777-4CF0-BB1F-4D1C22286C10}.Release|Any CPU.Build.0 = Release|Any CPU
	EndGlobalSection
	GlobalSection(SolutionProperties) = preSolution
		HideSolutionNode = FALSE
	EndGlobalSection
	GlobalSection(ExtensibilityGlobals) = postSolution
		SolutionGuid = {16CB9A20-B9D8-4014-B4BD-3A9E0ABA61F2}
	EndGlobalSection
EndGlobal
